PODS:
  - Pikko (1.0.2)
  - SwiftLint (0.27.0)

DEPENDENCIES:
  - Pikko
  - SwiftLint

SPEC REPOS:
  https://github.com/cocoapods/specs.git:
    - Pikko
    - SwiftLint

SPEC CHECKSUMS:
  Pikko: 89b3d4ad2ce4894b1ae86291a91b73355cd970af
  SwiftLint: 3207c1faa2240bf8973b191820a116113cd11073

PODFILE CHECKSUM: 0de4d37041c232cbad6cc1a52092605466a7bc14

COCOAPODS: 1.5.3
