PODS:
  - Pikko (1.0.3)
  - SwiftLint (0.27.0)

DEPENDENCIES:
  - Pikko
  - SwiftLint

SPEC REPOS:
  https://github.com/cocoapods/specs.git:
    - Pikko
    - SwiftLint

SPEC CHECKSUMS:
  Pikko: e57424f5aafba9c0b18fd624dbfaa0168dda3235
  SwiftLint: 3207c1faa2240bf8973b191820a116113cd11073

PODFILE CHECKSUM: 0de4d37041c232cbad6cc1a52092605466a7bc14

COCOAPODS: 1.5.3
