// !$*UTF8*$!
{
	archiveVersion = 1;
	classes = {
	};
	objectVersion = 50;
	objects = {

/* Begin PBXBuildFile section */
		7FEAE8C808A874161F2D5CA5 /* Pods_pixelino.framework in Frameworks */ = {isa = PBXBuildFile; fileRef = 88E001C460C62CBC07D7E6C5 /* Pods_pixelino.framework */; };
		BC01F971211A2E8000D43A45 /* PictureExporter.swift in Sources */ = {isa = PBXBuildFile; fileRef = BC01F970211A2E8000D43A45 /* PictureExporter.swift */; };
		BC6959B6211B808000770249 /* RawPixel.swift in Sources */ = {isa = PBXBuildFile; fileRef = BC6959B5211B808000770249 /* RawPixel.swift */; };
		BC6959B8211F1FBD00770249 /* Canvas.swift in Sources */ = {isa = PBXBuildFile; fileRef = BC6959B7211F1FBD00770249 /* Canvas.swift */; };
		BC6959BA211F1FE200770249 /* Pixel.swift in Sources */ = {isa = PBXBuildFile; fileRef = BC6959B9211F1FE200770249 /* Pixel.swift */; };
		BC6959BC211F201600770249 /* CanvasView.swift in Sources */ = {isa = PBXBuildFile; fileRef = BC6959BB211F201600770249 /* CanvasView.swift */; };
		BC6959C0211F213400770249 /* Main.storyboard in Resources */ = {isa = PBXBuildFile; fileRef = BC6959BE211F213400770249 /* Main.storyboard */; };
		BC6959C5211F494600770249 /* Command.swift in Sources */ = {isa = PBXBuildFile; fileRef = BC6959C4211F494600770249 /* Command.swift */; };
		BCF6B4B52110F0EA00384785 /* ColorPickerViewController.swift in Sources */ = {isa = PBXBuildFile; fileRef = BCF6B4B42110F0EA00384785 /* ColorPickerViewController.swift */; };
		BCF6B4B72111DDCF00384785 /* ColorChoiceDelegate.swift in Sources */ = {isa = PBXBuildFile; fileRef = BCF6B4B62111DDCF00384785 /* ColorChoiceDelegate.swift */; };
		BCF6B4B92111F43900384785 /* SplitPresentationController.swift in Sources */ = {isa = PBXBuildFile; fileRef = BCF6B4B82111F43900384785 /* SplitPresentationController.swift */; };
		BCF6B4BB2112061600384785 /* ColorHistoryCollectionViewCell.swift in Sources */ = {isa = PBXBuildFile; fileRef = BCF6B4BA2112061600384785 /* ColorHistoryCollectionViewCell.swift */; };
		BCF6B4E1211777C900384785 /* Extensions.swift in Sources */ = {isa = PBXBuildFile; fileRef = BCF6B4E0211777C900384785 /* Extensions.swift */; };
		BCF6B4E72118664200384785 /* pixelino.xcdatamodeld in Sources */ = {isa = PBXBuildFile; fileRef = BCF6B4E52118664200384785 /* pixelino.xcdatamodeld */; };
		BCF7BCDA20AA159F005C5468 /* AppDelegate.swift in Sources */ = {isa = PBXBuildFile; fileRef = BCF7BCD920AA159F005C5468 /* AppDelegate.swift */; };
		BCF7BCDC20AA159F005C5468 /* ViewController.swift in Sources */ = {isa = PBXBuildFile; fileRef = BCF7BCDB20AA159F005C5468 /* ViewController.swift */; };
		BCF7BCE120AA15A0005C5468 /* Assets.xcassets in Resources */ = {isa = PBXBuildFile; fileRef = BCF7BCE020AA15A0005C5468 /* Assets.xcassets */; };
		BCF7BCE420AA15A0005C5468 /* LaunchScreen.storyboard in Resources */ = {isa = PBXBuildFile; fileRef = BCF7BCE220AA15A0005C5468 /* LaunchScreen.storyboard */; };
/* End PBXBuildFile section */

/* Begin PBXFileReference section */
		1A3DE91FA43F7E53A6552444 /* Pods-pixelino.debug.xcconfig */ = {isa = PBXFileReference; includeInIndex = 1; lastKnownFileType = text.xcconfig; name = "Pods-pixelino.debug.xcconfig"; path = "Pods/Target Support Files/Pods-pixelino/Pods-pixelino.debug.xcconfig"; sourceTree = "<group>"; };
		88E001C460C62CBC07D7E6C5 /* Pods_pixelino.framework */ = {isa = PBXFileReference; explicitFileType = wrapper.framework; includeInIndex = 0; path = Pods_pixelino.framework; sourceTree = BUILT_PRODUCTS_DIR; };
		A2492726C00F6C59E27C46F2 /* Pods-pixelino.release.xcconfig */ = {isa = PBXFileReference; includeInIndex = 1; lastKnownFileType = text.xcconfig; name = "Pods-pixelino.release.xcconfig"; path = "Pods/Target Support Files/Pods-pixelino/Pods-pixelino.release.xcconfig"; sourceTree = "<group>"; };
		BC01F970211A2E8000D43A45 /* PictureExporter.swift */ = {isa = PBXFileReference; lastKnownFileType = sourcecode.swift; path = PictureExporter.swift; sourceTree = "<group>"; };
		BC6959B5211B808000770249 /* RawPixel.swift */ = {isa = PBXFileReference; lastKnownFileType = sourcecode.swift; path = RawPixel.swift; sourceTree = "<group>"; };
		BC6959B7211F1FBD00770249 /* Canvas.swift */ = {isa = PBXFileReference; lastKnownFileType = sourcecode.swift; path = Canvas.swift; sourceTree = "<group>"; };
		BC6959B9211F1FE200770249 /* Pixel.swift */ = {isa = PBXFileReference; lastKnownFileType = sourcecode.swift; path = Pixel.swift; sourceTree = "<group>"; };
		BC6959BB211F201600770249 /* CanvasView.swift */ = {isa = PBXFileReference; lastKnownFileType = sourcecode.swift; path = CanvasView.swift; sourceTree = "<group>"; };
		BC6959BF211F213400770249 /* Base */ = {isa = PBXFileReference; lastKnownFileType = file.storyboard; name = Base; path = Base.lproj/Main.storyboard; sourceTree = "<group>"; };
		BC6959C4211F494600770249 /* Command.swift */ = {isa = PBXFileReference; lastKnownFileType = sourcecode.swift; path = Command.swift; sourceTree = "<group>"; };
		BCF6B4B42110F0EA00384785 /* ColorPickerViewController.swift */ = {isa = PBXFileReference; lastKnownFileType = sourcecode.swift; path = ColorPickerViewController.swift; sourceTree = "<group>"; };
		BCF6B4B62111DDCF00384785 /* ColorChoiceDelegate.swift */ = {isa = PBXFileReference; lastKnownFileType = sourcecode.swift; path = ColorChoiceDelegate.swift; sourceTree = "<group>"; };
		BCF6B4B82111F43900384785 /* SplitPresentationController.swift */ = {isa = PBXFileReference; lastKnownFileType = sourcecode.swift; path = SplitPresentationController.swift; sourceTree = "<group>"; };
		BCF6B4BA2112061600384785 /* ColorHistoryCollectionViewCell.swift */ = {isa = PBXFileReference; lastKnownFileType = sourcecode.swift; path = ColorHistoryCollectionViewCell.swift; sourceTree = "<group>"; };
		BCF6B4E0211777C900384785 /* Extensions.swift */ = {isa = PBXFileReference; lastKnownFileType = sourcecode.swift; path = Extensions.swift; sourceTree = "<group>"; };
		BCF6B4E62118664200384785 /* Model.xcdatamodel */ = {isa = PBXFileReference; lastKnownFileType = wrapper.xcdatamodel; path = Model.xcdatamodel; sourceTree = "<group>"; };
		BCF7BCD620AA159F005C5468 /* pixelino.app */ = {isa = PBXFileReference; explicitFileType = wrapper.application; includeInIndex = 0; path = pixelino.app; sourceTree = BUILT_PRODUCTS_DIR; };
		BCF7BCD920AA159F005C5468 /* AppDelegate.swift */ = {isa = PBXFileReference; lastKnownFileType = sourcecode.swift; path = AppDelegate.swift; sourceTree = "<group>"; };
		BCF7BCDB20AA159F005C5468 /* ViewController.swift */ = {isa = PBXFileReference; lastKnownFileType = sourcecode.swift; path = ViewController.swift; sourceTree = "<group>"; };
		BCF7BCE020AA15A0005C5468 /* Assets.xcassets */ = {isa = PBXFileReference; lastKnownFileType = folder.assetcatalog; path = Assets.xcassets; sourceTree = "<group>"; };
		BCF7BCE320AA15A0005C5468 /* Base */ = {isa = PBXFileReference; lastKnownFileType = file.storyboard; name = Base; path = Base.lproj/LaunchScreen.storyboard; sourceTree = "<group>"; };
		BCF7BCE520AA15A0005C5468 /* Info.plist */ = {isa = PBXFileReference; lastKnownFileType = text.plist.xml; path = Info.plist; sourceTree = "<group>"; };
/* End PBXFileReference section */

/* Begin PBXFrameworksBuildPhase section */
		BCF7BCD320AA159F005C5468 /* Frameworks */ = {
			isa = PBXFrameworksBuildPhase;
			buildActionMask = 2147483647;
			files = (
				7FEAE8C808A874161F2D5CA5 /* Pods_pixelino.framework in Frameworks */,
			);
			runOnlyForDeploymentPostprocessing = 0;
		};
/* End PBXFrameworksBuildPhase section */

/* Begin PBXGroup section */
		1CE651E503F4809BC7A484AB /* Pods */ = {
			isa = PBXGroup;
			children = (
				1A3DE91FA43F7E53A6552444 /* Pods-pixelino.debug.xcconfig */,
				A2492726C00F6C59E27C46F2 /* Pods-pixelino.release.xcconfig */,
			);
			name = Pods;
			sourceTree = "<group>";
		};
		BC6959BD211F20ED00770249 /* Data */ = {
			isa = PBXGroup;
			children = (
				BCF6B4E52118664200384785 /* pixelino.xcdatamodeld */,
			);
			path = Data;
			sourceTree = "<group>";
		};
		BC6959C1211F213C00770249 /* View */ = {
			isa = PBXGroup;
			children = (
				BC6959BE211F213400770249 /* Main.storyboard */,
				BCF7BCE220AA15A0005C5468 /* LaunchScreen.storyboard */,
			);
			path = View;
			sourceTree = "<group>";
		};
		BC6959C2211F215A00770249 /* Auxiliary */ = {
			isa = PBXGroup;
			children = (
				BCF6B4E0211777C900384785 /* Extensions.swift */,
			);
			path = Auxiliary;
			sourceTree = "<group>";
		};
		BCF7BCCD20AA159F005C5468 = {
			isa = PBXGroup;
			children = (
				BCF7BCD820AA159F005C5468 /* pixelino */,
				BCF7BCD720AA159F005C5468 /* Products */,
				1CE651E503F4809BC7A484AB /* Pods */,
				D670A1C2F42E784392406920 /* Frameworks */,
			);
			sourceTree = "<group>";
		};
		BCF7BCD720AA159F005C5468 /* Products */ = {
			isa = PBXGroup;
			children = (
				BCF7BCD620AA159F005C5468 /* pixelino.app */,
			);
			name = Products;
			sourceTree = "<group>";
		};
		BCF7BCD820AA159F005C5468 /* pixelino */ = {
			isa = PBXGroup;
			children = (
				BC6959C2211F215A00770249 /* Auxiliary */,
				BC6959C1211F213C00770249 /* View */,
				BC6959BD211F20ED00770249 /* Data */,
				BCF7BCD920AA159F005C5468 /* AppDelegate.swift */,
				BCF7BCDB20AA159F005C5468 /* ViewController.swift */,
				BC6959BB211F201600770249 /* CanvasView.swift */,
				BCF7BCE020AA15A0005C5468 /* Assets.xcassets */,
				BCF7BCE520AA15A0005C5468 /* Info.plist */,
				BCF6B4B42110F0EA00384785 /* ColorPickerViewController.swift */,
				BCF6B4BA2112061600384785 /* ColorHistoryCollectionViewCell.swift */,
				BCF6B4B62111DDCF00384785 /* ColorChoiceDelegate.swift */,
				BCF6B4B82111F43900384785 /* SplitPresentationController.swift */,
				BC01F970211A2E8000D43A45 /* PictureExporter.swift */,
				BC6959B5211B808000770249 /* RawPixel.swift */,
				BC6959B7211F1FBD00770249 /* Canvas.swift */,
				BC6959B9211F1FE200770249 /* Pixel.swift */,
				BC6959C4211F494600770249 /* Command.swift */,
			);
			path = pixelino;
			sourceTree = "<group>";
		};
		D670A1C2F42E784392406920 /* Frameworks */ = {
			isa = PBXGroup;
			children = (
				88E001C460C62CBC07D7E6C5 /* Pods_pixelino.framework */,
			);
			name = Frameworks;
			sourceTree = "<group>";
		};
/* End PBXGroup section */

/* Begin PBXNativeTarget section */
		BCF7BCD520AA159F005C5468 /* pixelino */ = {
			isa = PBXNativeTarget;
			buildConfigurationList = BCF7BCE820AA15A0005C5468 /* Build configuration list for PBXNativeTarget "pixelino" */;
			buildPhases = (
				6A65F1677B882625A83CC3C7 /* [CP] Check Pods Manifest.lock */,
				BCF7BCD220AA159F005C5468 /* Sources */,
				BCF7BCD320AA159F005C5468 /* Frameworks */,
				BCF7BCD420AA159F005C5468 /* Resources */,
				AB3DAB40F28E39EBB9728EAB /* [CP] Embed Pods Frameworks */,
			);
			buildRules = (
			);
			dependencies = (
			);
			name = pixelino;
			productName = pixelino;
			productReference = BCF7BCD620AA159F005C5468 /* pixelino.app */;
			productType = "com.apple.product-type.application";
		};
/* End PBXNativeTarget section */

/* Begin PBXProject section */
		BCF7BCCE20AA159F005C5468 /* Project object */ = {
			isa = PBXProject;
			attributes = {
				LastSwiftUpdateCheck = 0930;
				LastUpgradeCheck = 0930;
				ORGANIZATIONNAME = "Sandra Grujovic";
				TargetAttributes = {
					BCF7BCD520AA159F005C5468 = {
						CreatedOnToolsVersion = 9.3.1;
					};
				};
			};
			buildConfigurationList = BCF7BCD120AA159F005C5468 /* Build configuration list for PBXProject "pixelino" */;
			compatibilityVersion = "Xcode 9.3";
			developmentRegion = en;
			hasScannedForEncodings = 0;
			knownRegions = (
				en,
				Base,
			);
			mainGroup = BCF7BCCD20AA159F005C5468;
			productRefGroup = BCF7BCD720AA159F005C5468 /* Products */;
			projectDirPath = "";
			projectRoot = "";
			targets = (
				BCF7BCD520AA159F005C5468 /* pixelino */,
			);
		};
/* End PBXProject section */

/* Begin PBXResourcesBuildPhase section */
		BCF7BCD420AA159F005C5468 /* Resources */ = {
			isa = PBXResourcesBuildPhase;
			buildActionMask = 2147483647;
			files = (
				BC6959C0211F213400770249 /* Main.storyboard in Resources */,
				BCF7BCE420AA15A0005C5468 /* LaunchScreen.storyboard in Resources */,
				BCF7BCE120AA15A0005C5468 /* Assets.xcassets in Resources */,
			);
			runOnlyForDeploymentPostprocessing = 0;
		};
/* End PBXResourcesBuildPhase section */

/* Begin PBXShellScriptBuildPhase section */
		6A65F1677B882625A83CC3C7 /* [CP] Check Pods Manifest.lock */ = {
			isa = PBXShellScriptBuildPhase;
			buildActionMask = 2147483647;
			files = (
			);
			inputPaths = (
				"${PODS_PODFILE_DIR_PATH}/Podfile.lock",
				"${PODS_ROOT}/Manifest.lock",
			);
			name = "[CP] Check Pods Manifest.lock";
			outputPaths = (
				"$(DERIVED_FILE_DIR)/Pods-pixelino-checkManifestLockResult.txt",
			);
			runOnlyForDeploymentPostprocessing = 0;
			shellPath = /bin/sh;
			shellScript = "diff \"${PODS_PODFILE_DIR_PATH}/Podfile.lock\" \"${PODS_ROOT}/Manifest.lock\" > /dev/null\nif [ $? != 0 ] ; then\n    # print error to STDERR\n    echo \"error: The sandbox is not in sync with the Podfile.lock. Run 'pod install' or update your CocoaPods installation.\" >&2\n    exit 1\nfi\n# This output is used by Xcode 'outputs' to avoid re-running this script phase.\necho \"SUCCESS\" > \"${SCRIPT_OUTPUT_FILE_0}\"\n";
			showEnvVarsInLog = 0;
		};
		AB3DAB40F28E39EBB9728EAB /* [CP] Embed Pods Frameworks */ = {
			isa = PBXShellScriptBuildPhase;
			buildActionMask = 2147483647;
			files = (
			);
			inputPaths = (
				"${SRCROOT}/Pods/Target Support Files/Pods-pixelino/Pods-pixelino-frameworks.sh",
				"${BUILT_PRODUCTS_DIR}/ChromaColorPicker/ChromaColorPicker.framework",
			);
			name = "[CP] Embed Pods Frameworks";
			outputPaths = (
				"${TARGET_BUILD_DIR}/${FRAMEWORKS_FOLDER_PATH}/ChromaColorPicker.framework",
			);
			runOnlyForDeploymentPostprocessing = 0;
			shellPath = /bin/sh;
			shellScript = "\"${SRCROOT}/Pods/Target Support Files/Pods-pixelino/Pods-pixelino-frameworks.sh\"\n";
			showEnvVarsInLog = 0;
		};
/* End PBXShellScriptBuildPhase section */

/* Begin PBXSourcesBuildPhase section */
		BCF7BCD220AA159F005C5468 /* Sources */ = {
			isa = PBXSourcesBuildPhase;
			buildActionMask = 2147483647;
			files = (
				BCF7BCDC20AA159F005C5468 /* ViewController.swift in Sources */,
				BC6959B8211F1FBD00770249 /* Canvas.swift in Sources */,
				BC6959BC211F201600770249 /* CanvasView.swift in Sources */,
				BCF6B4B72111DDCF00384785 /* ColorChoiceDelegate.swift in Sources */,
				BCF6B4B92111F43900384785 /* SplitPresentationController.swift in Sources */,
				BC6959BA211F1FE200770249 /* Pixel.swift in Sources */,
				BC6959B6211B808000770249 /* RawPixel.swift in Sources */,
				BCF6B4E1211777C900384785 /* Extensions.swift in Sources */,
				BC01F971211A2E8000D43A45 /* PictureExporter.swift in Sources */,
				BCF6B4BB2112061600384785 /* ColorHistoryCollectionViewCell.swift in Sources */,
				BCF7BCDA20AA159F005C5468 /* AppDelegate.swift in Sources */,
				BC6959C5211F494600770249 /* Command.swift in Sources */,
				BCF6B4B52110F0EA00384785 /* ColorPickerViewController.swift in Sources */,
				BCF6B4E72118664200384785 /* pixelino.xcdatamodeld in Sources */,
			);
			runOnlyForDeploymentPostprocessing = 0;
		};
/* End PBXSourcesBuildPhase section */

/* Begin PBXVariantGroup section */
		BC6959BE211F213400770249 /* Main.storyboard */ = {
			isa = PBXVariantGroup;
			children = (
				BC6959BF211F213400770249 /* Base */,
			);
			name = Main.storyboard;
			sourceTree = "<group>";
		};
		BCF7BCE220AA15A0005C5468 /* LaunchScreen.storyboard */ = {
			isa = PBXVariantGroup;
			children = (
				BCF7BCE320AA15A0005C5468 /* Base */,
			);
			name = LaunchScreen.storyboard;
			sourceTree = "<group>";
		};
/* End PBXVariantGroup section */

/* Begin XCBuildConfiguration section */
		BCF7BCE620AA15A0005C5468 /* Debug */ = {
			isa = XCBuildConfiguration;
			buildSettings = {
				ALWAYS_SEARCH_USER_PATHS = NO;
				CLANG_ANALYZER_NONNULL = YES;
				CLANG_ANALYZER_NUMBER_OBJECT_CONVERSION = YES_AGGRESSIVE;
				CLANG_CXX_LANGUAGE_STANDARD = "gnu++14";
				CLANG_CXX_LIBRARY = "libc++";
				CLANG_ENABLE_MODULES = YES;
				CLANG_ENABLE_OBJC_ARC = YES;
				CLANG_ENABLE_OBJC_WEAK = YES;
				CLANG_WARN_BLOCK_CAPTURE_AUTORELEASING = YES;
				CLANG_WARN_BOOL_CONVERSION = YES;
				CLANG_WARN_COMMA = YES;
				CLANG_WARN_CONSTANT_CONVERSION = YES;
				CLANG_WARN_DEPRECATED_OBJC_IMPLEMENTATIONS = YES;
				CLANG_WARN_DIRECT_OBJC_ISA_USAGE = YES_ERROR;
				CLANG_WARN_DOCUMENTATION_COMMENTS = YES;
				CLANG_WARN_EMPTY_BODY = YES;
				CLANG_WARN_ENUM_CONVERSION = YES;
				CLANG_WARN_INFINITE_RECURSION = YES;
				CLANG_WARN_INT_CONVERSION = YES;
				CLANG_WARN_NON_LITERAL_NULL_CONVERSION = YES;
				CLANG_WARN_OBJC_IMPLICIT_RETAIN_SELF = YES;
				CLANG_WARN_OBJC_LITERAL_CONVERSION = YES;
				CLANG_WARN_OBJC_ROOT_CLASS = YES_ERROR;
				CLANG_WARN_RANGE_LOOP_ANALYSIS = YES;
				CLANG_WARN_STRICT_PROTOTYPES = YES;
				CLANG_WARN_SUSPICIOUS_MOVE = YES;
				CLANG_WARN_UNGUARDED_AVAILABILITY = YES_AGGRESSIVE;
				CLANG_WARN_UNREACHABLE_CODE = YES;
				CLANG_WARN__DUPLICATE_METHOD_MATCH = YES;
				CODE_SIGN_IDENTITY = "iPhone Developer";
				COPY_PHASE_STRIP = NO;
				DEBUG_INFORMATION_FORMAT = dwarf;
				ENABLE_STRICT_OBJC_MSGSEND = YES;
				ENABLE_TESTABILITY = YES;
				GCC_C_LANGUAGE_STANDARD = gnu11;
				GCC_DYNAMIC_NO_PIC = NO;
				GCC_NO_COMMON_BLOCKS = YES;
				GCC_OPTIMIZATION_LEVEL = 0;
				GCC_PREPROCESSOR_DEFINITIONS = (
					"DEBUG=1",
					"$(inherited)",
				);
				GCC_WARN_64_TO_32_BIT_CONVERSION = YES;
				GCC_WARN_ABOUT_RETURN_TYPE = YES_ERROR;
				GCC_WARN_UNDECLARED_SELECTOR = YES;
				GCC_WARN_UNINITIALIZED_AUTOS = YES_AGGRESSIVE;
				GCC_WARN_UNUSED_FUNCTION = YES;
				GCC_WARN_UNUSED_VARIABLE = YES;
				IPHONEOS_DEPLOYMENT_TARGET = 11.3;
				MTL_ENABLE_DEBUG_INFO = YES;
				ONLY_ACTIVE_ARCH = YES;
				SDKROOT = iphoneos;
				SWIFT_ACTIVE_COMPILATION_CONDITIONS = DEBUG;
				SWIFT_OPTIMIZATION_LEVEL = "-Onone";
			};
			name = Debug;
		};
		BCF7BCE720AA15A0005C5468 /* Release */ = {
			isa = XCBuildConfiguration;
			buildSettings = {
				ALWAYS_SEARCH_USER_PATHS = NO;
				CLANG_ANALYZER_NONNULL = YES;
				CLANG_ANALYZER_NUMBER_OBJECT_CONVERSION = YES_AGGRESSIVE;
				CLANG_CXX_LANGUAGE_STANDARD = "gnu++14";
				CLANG_CXX_LIBRARY = "libc++";
				CLANG_ENABLE_MODULES = YES;
				CLANG_ENABLE_OBJC_ARC = YES;
				CLANG_ENABLE_OBJC_WEAK = YES;
				CLANG_WARN_BLOCK_CAPTURE_AUTORELEASING = YES;
				CLANG_WARN_BOOL_CONVERSION = YES;
				CLANG_WARN_COMMA = YES;
				CLANG_WARN_CONSTANT_CONVERSION = YES;
				CLANG_WARN_DEPRECATED_OBJC_IMPLEMENTATIONS = YES;
				CLANG_WARN_DIRECT_OBJC_ISA_USAGE = YES_ERROR;
				CLANG_WARN_DOCUMENTATION_COMMENTS = YES;
				CLANG_WARN_EMPTY_BODY = YES;
				CLANG_WARN_ENUM_CONVERSION = YES;
				CLANG_WARN_INFINITE_RECURSION = YES;
				CLANG_WARN_INT_CONVERSION = YES;
				CLANG_WARN_NON_LITERAL_NULL_CONVERSION = YES;
				CLANG_WARN_OBJC_IMPLICIT_RETAIN_SELF = YES;
				CLANG_WARN_OBJC_LITERAL_CONVERSION = YES;
				CLANG_WARN_OBJC_ROOT_CLASS = YES_ERROR;
				CLANG_WARN_RANGE_LOOP_ANALYSIS = YES;
				CLANG_WARN_STRICT_PROTOTYPES = YES;
				CLANG_WARN_SUSPICIOUS_MOVE = YES;
				CLANG_WARN_UNGUARDED_AVAILABILITY = YES_AGGRESSIVE;
				CLANG_WARN_UNREACHABLE_CODE = YES;
				CLANG_WARN__DUPLICATE_METHOD_MATCH = YES;
				CODE_SIGN_IDENTITY = "iPhone Developer";
				COPY_PHASE_STRIP = NO;
				DEBUG_INFORMATION_FORMAT = "dwarf-with-dsym";
				ENABLE_NS_ASSERTIONS = NO;
				ENABLE_STRICT_OBJC_MSGSEND = YES;
				GCC_C_LANGUAGE_STANDARD = gnu11;
				GCC_NO_COMMON_BLOCKS = YES;
				GCC_WARN_64_TO_32_BIT_CONVERSION = YES;
				GCC_WARN_ABOUT_RETURN_TYPE = YES_ERROR;
				GCC_WARN_UNDECLARED_SELECTOR = YES;
				GCC_WARN_UNINITIALIZED_AUTOS = YES_AGGRESSIVE;
				GCC_WARN_UNUSED_FUNCTION = YES;
				GCC_WARN_UNUSED_VARIABLE = YES;
				IPHONEOS_DEPLOYMENT_TARGET = 11.3;
				MTL_ENABLE_DEBUG_INFO = NO;
				SDKROOT = iphoneos;
				SWIFT_COMPILATION_MODE = wholemodule;
				SWIFT_OPTIMIZATION_LEVEL = "-O";
				VALIDATE_PRODUCT = YES;
			};
			name = Release;
		};
		BCF7BCE920AA15A0005C5468 /* Debug */ = {
			isa = XCBuildConfiguration;
			baseConfigurationReference = 1A3DE91FA43F7E53A6552444 /* Pods-pixelino.debug.xcconfig */;
			buildSettings = {
				ASSETCATALOG_COMPILER_APPICON_NAME = AppIcon;
				CODE_SIGN_IDENTITY = "iPhone Developer";
				CODE_SIGN_STYLE = Automatic;
				DEVELOPMENT_TEAM = 45E39Y8V9N;
				INFOPLIST_FILE = pixelino/Info.plist;
				LD_RUNPATH_SEARCH_PATHS = (
					"$(inherited)",
					"@executable_path/Frameworks",
				);
				PRODUCT_BUNDLE_IDENTIFIER = melloskitten.pixelino;
				PRODUCT_NAME = "$(TARGET_NAME)";
				PROVISIONING_PROFILE_SPECIFIER = "";
				SWIFT_VERSION = 4.0;
				TARGETED_DEVICE_FAMILY = "1,2";
			};
			name = Debug;
		};
		BCF7BCEA20AA15A0005C5468 /* Release */ = {
			isa = XCBuildConfiguration;
			baseConfigurationReference = A2492726C00F6C59E27C46F2 /* Pods-pixelino.release.xcconfig */;
			buildSettings = {
				ASSETCATALOG_COMPILER_APPICON_NAME = AppIcon;
				CODE_SIGN_IDENTITY = "iPhone Developer";
				CODE_SIGN_STYLE = Automatic;
				DEVELOPMENT_TEAM = 45E39Y8V9N;
				INFOPLIST_FILE = pixelino/Info.plist;
				LD_RUNPATH_SEARCH_PATHS = (
					"$(inherited)",
					"@executable_path/Frameworks",
				);
				PRODUCT_BUNDLE_IDENTIFIER = melloskitten.pixelino;
				PRODUCT_NAME = "$(TARGET_NAME)";
				PROVISIONING_PROFILE_SPECIFIER = "";
				SWIFT_VERSION = 4.0;
				TARGETED_DEVICE_FAMILY = "1,2";
			};
			name = Release;
		};
/* End XCBuildConfiguration section */

/* Begin XCConfigurationList section */
		BCF7BCD120AA159F005C5468 /* Build configuration list for PBXProject "pixelino" */ = {
			isa = XCConfigurationList;
			buildConfigurations = (
				BCF7BCE620AA15A0005C5468 /* Debug */,
				BCF7BCE720AA15A0005C5468 /* Release */,
			);
			defaultConfigurationIsVisible = 0;
			defaultConfigurationName = Release;
		};
		BCF7BCE820AA15A0005C5468 /* Build configuration list for PBXNativeTarget "pixelino" */ = {
			isa = XCConfigurationList;
			buildConfigurations = (
				BCF7BCE920AA15A0005C5468 /* Debug */,
				BCF7BCEA20AA15A0005C5468 /* Release */,
			);
			defaultConfigurationIsVisible = 0;
			defaultConfigurationName = Release;
		};
/* End XCConfigurationList section */

/* Begin XCVersionGroup section */
		BCF6B4E52118664200384785 /* pixelino.xcdatamodeld */ = {
			isa = XCVersionGroup;
			children = (
				BCF6B4E62118664200384785 /* Model.xcdatamodel */,
			);
			currentVersion = BCF6B4E62118664200384785 /* Model.xcdatamodel */;
			path = pixelino.xcdatamodeld;
			sourceTree = "<group>";
			versionGroupType = wrapper.xcdatamodel;
		};
/* End XCVersionGroup section */
	};
	rootObject = BCF7BCCE20AA159F005C5468 /* Project object */;
}
